{
  "object": {
    "pins": [
      {
        "package": "AocUtils",
        "repositoryURL": "https://github.com/kjn-void/AocUtils.git",
        "state": {
          "branch": null,
          "revision": "34d2ea602a5cc09d17cf4b322bb6016b900f9473",
          "version": "1.1.0"
        }
      }
    ]
  },
  "version": 1
}
