{
  "object": {
    "pins": [
      {
        "package": "AocUtils",
        "repositoryURL": "https://github.com/kjn-void/AocUtils.git",
        "state": {
          "branch": null,
          "revision": "af9cacff3cbd0746fa2cf840ffb2761f8b4d9bf6",
          "version": "1.2.0"
        }
      }
    ]
  },
  "version": 1
}
